
Microsoft Visual Studio Solution File, Format Version 12.00
# Visual Studio Version 16
VisualStudioVersion = 16.0.31702.278
MinimumVisualStudioVersion = 10.0.40219.1
Project("{FAE04EC0-301F-11D3-BF4B-00C04F79EFBC}") = "IntroMVC", "IntroMVC\IntroMVC.csproj", "{B66B88C4-CDDF-4ED4-AB93-BAEB3C0E9F61}"
EndProject
Global
	GlobalSection(SolutionConfigurationPlatforms) = preSolution
		Debug|Any CPU = Debug|Any CPU
		Release|Any CPU = Release|Any CPU
	EndGlobalSection
	GlobalSection(ProjectConfigurationPlatforms) = postSolution
		{B66B88C4-CDDF-4ED4-AB93-BAEB3C0E9F61}.Debug|Any CPU.ActiveCfg = Debug|Any CPU
		{B66B88C4-CDDF-4ED4-AB93-BAEB3C0E9F61}.Debug|Any CPU.Build.0 = Debug|Any CPU
		{B66B88C4-CDDF-4ED4-AB93-BAEB3C0E9F61}.Release|Any CPU.ActiveCfg = Release|Any CPU
		{B66B88C4-CDDF-4ED4-AB93-BAEB3C0E9F61}.Release|Any CPU.Build.0 = Release|Any CPU
	EndGlobalSection
	GlobalSection(SolutionProperties) = preSolution
		HideSolutionNode = FALSE
	EndGlobalSection
	GlobalSection(ExtensibilityGlobals) = postSolution
		SolutionGuid = {2834EB18-3875-45F0-9FEE-924520B5EBD0}
	EndGlobalSection
EndGlobal
